
Microsoft Visual Studio Solution File, Format Version 12.00
# Visual Studio Version 17
VisualStudioVersion = 17.8.34330.188
MinimumVisualStudioVersion = 10.0.40219.1
Project("{FAE04EC0-301F-11D3-BF4B-00C04F79EFBC}") = "RabbitMQ.HeaderExchange.Publisher", "RabbitMQ.HeaderExchange.Publisher.csproj", "{2B757CFC-1EEF-4FE0-98EC-3CF43076C0BC}"
EndProject
Global
	GlobalSection(SolutionConfigurationPlatforms) = preSolution
		Debug|Any CPU = Debug|Any CPU
		Release|Any CPU = Release|Any CPU
	EndGlobalSection
	GlobalSection(ProjectConfigurationPlatforms) = postSolution
		{2B757CFC-1EEF-4FE0-98EC-3CF43076C0BC}.Debug|Any CPU.ActiveCfg = Debug|Any CPU
		{2B757CFC-1EEF-4FE0-98EC-3CF43076C0BC}.Debug|Any CPU.Build.0 = Debug|Any CPU
		{2B757CFC-1EEF-4FE0-98EC-3CF43076C0BC}.Release|Any CPU.ActiveCfg = Release|Any CPU
		{2B757CFC-1EEF-4FE0-98EC-3CF43076C0BC}.Release|Any CPU.Build.0 = Release|Any CPU
	EndGlobalSection
	GlobalSection(SolutionProperties) = preSolution
		HideSolutionNode = FALSE
	EndGlobalSection
	GlobalSection(ExtensibilityGlobals) = postSolution
		SolutionGuid = {E39274B1-0E3B-46A3-8811-7DEDC70E82F4}
	EndGlobalSection
EndGlobal
