
Microsoft Visual Studio Solution File, Format Version 12.00
# Visual Studio Version 17
VisualStudioVersion = 17.8.34330.188
MinimumVisualStudioVersion = 10.0.40219.1
Project("{FAE04EC0-301F-11D3-BF4B-00C04F79EFBC}") = "RabbitMQ.Publisher", "RabbitMQ.Publisher\RabbitMQ.Publisher.csproj", "{FFA22EB1-693B-4BA4-85AD-71951C74AC38}"
EndProject
Global
	GlobalSection(SolutionConfigurationPlatforms) = preSolution
		Debug|Any CPU = Debug|Any CPU
		Release|Any CPU = Release|Any CPU
	EndGlobalSection
	GlobalSection(ProjectConfigurationPlatforms) = postSolution
		{FFA22EB1-693B-4BA4-85AD-71951C74AC38}.Debug|Any CPU.ActiveCfg = Debug|Any CPU
		{FFA22EB1-693B-4BA4-85AD-71951C74AC38}.Debug|Any CPU.Build.0 = Debug|Any CPU
		{FFA22EB1-693B-4BA4-85AD-71951C74AC38}.Release|Any CPU.ActiveCfg = Release|Any CPU
		{FFA22EB1-693B-4BA4-85AD-71951C74AC38}.Release|Any CPU.Build.0 = Release|Any CPU
	EndGlobalSection
	GlobalSection(SolutionProperties) = preSolution
		HideSolutionNode = FALSE
	EndGlobalSection
	GlobalSection(ExtensibilityGlobals) = postSolution
		SolutionGuid = {E836EB74-3943-4C8F-8BB2-EF85C9E1BA80}
	EndGlobalSection
EndGlobal
