
Microsoft Visual Studio Solution File, Format Version 12.00
# Visual Studio Version 17
VisualStudioVersion = 17.8.34330.188
MinimumVisualStudioVersion = 10.0.40219.1
Project("{FAE04EC0-301F-11D3-BF4B-00C04F79EFBC}") = "RabbitMQ.DirectExchange.Consumer", "RabbitMQ.DirectExchange.Consumer.csproj", "{EAC29163-74D3-471E-AFBF-BEBFACF78715}"
EndProject
Global
	GlobalSection(SolutionConfigurationPlatforms) = preSolution
		Debug|Any CPU = Debug|Any CPU
		Release|Any CPU = Release|Any CPU
	EndGlobalSection
	GlobalSection(ProjectConfigurationPlatforms) = postSolution
		{EAC29163-74D3-471E-AFBF-BEBFACF78715}.Debug|Any CPU.ActiveCfg = Debug|Any CPU
		{EAC29163-74D3-471E-AFBF-BEBFACF78715}.Debug|Any CPU.Build.0 = Debug|Any CPU
		{EAC29163-74D3-471E-AFBF-BEBFACF78715}.Release|Any CPU.ActiveCfg = Release|Any CPU
		{EAC29163-74D3-471E-AFBF-BEBFACF78715}.Release|Any CPU.Build.0 = Release|Any CPU
	EndGlobalSection
	GlobalSection(SolutionProperties) = preSolution
		HideSolutionNode = FALSE
	EndGlobalSection
	GlobalSection(ExtensibilityGlobals) = postSolution
		SolutionGuid = {20AFF800-8C33-4B5B-9F43-67BFE70C1C62}
	EndGlobalSection
EndGlobal
