
Microsoft Visual Studio Solution File, Format Version 12.00
# Visual Studio Version 17
VisualStudioVersion = 17.8.34330.188
MinimumVisualStudioVersion = 10.0.40219.1
Project("{FAE04EC0-301F-11D3-BF4B-00C04F79EFBC}") = "RabbitMQ.MessageTemplates.Publisher", "RabbitMQ.MessageTemplates.Publisher.csproj", "{BEBAFAA9-E7F4-4BF6-B186-B4E2DD67CC84}"
EndProject
Global
	GlobalSection(SolutionConfigurationPlatforms) = preSolution
		Debug|Any CPU = Debug|Any CPU
		Release|Any CPU = Release|Any CPU
	EndGlobalSection
	GlobalSection(ProjectConfigurationPlatforms) = postSolution
		{BEBAFAA9-E7F4-4BF6-B186-B4E2DD67CC84}.Debug|Any CPU.ActiveCfg = Debug|Any CPU
		{BEBAFAA9-E7F4-4BF6-B186-B4E2DD67CC84}.Debug|Any CPU.Build.0 = Debug|Any CPU
		{BEBAFAA9-E7F4-4BF6-B186-B4E2DD67CC84}.Release|Any CPU.ActiveCfg = Release|Any CPU
		{BEBAFAA9-E7F4-4BF6-B186-B4E2DD67CC84}.Release|Any CPU.Build.0 = Release|Any CPU
	EndGlobalSection
	GlobalSection(SolutionProperties) = preSolution
		HideSolutionNode = FALSE
	EndGlobalSection
	GlobalSection(ExtensibilityGlobals) = postSolution
		SolutionGuid = {95AD93D4-7EAA-4BFD-A993-B4F1EC163E6B}
	EndGlobalSection
EndGlobal
